<?xml version="1.0" encoding="utf-8"?>
<Project ToolsVersion="4.0" xmlns="http://schemas.microsoft.com/developer/msbuild/2003">
  <ItemGroup>
    <None Include="ReadMe.txt" />
  </ItemGroup>
  <ItemGroup>
    <ResourceCompile Include="VuEngine.rc" />
  </ItemGroup>
  <ItemGroup>
    <Filter Include="VUAppMain">
      <UniqueIdentifier>{8bfe4057-9ce8-4fb2-98fd-9eced1feaf54}</UniqueIdentifier>
    </Filter>
    <Filter Include="VUGraphics">
      <UniqueIdentifier>{5bb3511e-2f75-4e85-87ac-9d2455bb142f}</UniqueIdentifier>
    </Filter>
    <Filter Include="VUMath">
      <UniqueIdentifier>{ca7b27de-5a7f-4ab5-bb50-bc0f8c732545}</UniqueIdentifier>
    </Filter>
    <Filter Include="VUAppMain\Header Files">
      <UniqueIdentifier>{aa7b5308-3b31-4d63-9469-09e0cbde58fc}</UniqueIdentifier>
    </Filter>
    <Filter Include="VUAppMain\Source Files">
      <UniqueIdentifier>{be4e00f4-547f-4357-9395-ab6df5708f42}</UniqueIdentifier>
    </Filter>
    <Filter Include="VUGraphics\Header Files">
      <UniqueIdentifier>{961efa03-1920-4e57-9ece-7725d2607f57}</UniqueIdentifier>
    </Filter>
    <Filter Include="VUGraphics\Source Files">
      <UniqueIdentifier>{4a92e065-5e91-476b-ba5b-9e0e29d751cc}</UniqueIdentifier>
    </Filter>
    <Filter Include="VUMath\Header Files">
      <UniqueIdentifier>{5db30daa-2cd9-48ee-bda5-bd3bcb466701}</UniqueIdentifier>
    </Filter>
    <Filter Include="VUMath\Source Files">
      <UniqueIdentifier>{53befc62-16dc-4223-8474-ecfd2235d25c}</UniqueIdentifier>
    </Filter>
  </ItemGroup>
  <ItemGroup>
    <ClCompile Include="VUAppMain\Source Files\stdafx.cpp">
      <Filter>VUAppMain\Source Files</Filter>
    </ClCompile>
    <ClCompile Include="VUAppMain\Source Files\VUEngine.cpp">
      <Filter>VUAppMain\Source Files</Filter>
    </ClCompile>
  </ItemGroup>
  <ItemGroup>
    <ClInclude Include="VUAppMain\Header Files\Resource.h">
      <Filter>VUAppMain\Header Files</Filter>
    </ClInclude>
    <ClInclude Include="VUAppMain\Header Files\stdafx.h">
      <Filter>VUAppMain\Header Files</Filter>
    </ClInclude>
    <ClInclude Include="VUAppMain\Header Files\targetver.h">
      <Filter>VUAppMain\Header Files</Filter>
    </ClInclude>
    <ClInclude Include="VUMath\Header Files\VUColor.h">
      <Filter>VUMath\Header Files</Filter>
    </ClInclude>
    <ClInclude Include="VUAppMain\Header Files\VUEngine.h">
      <Filter>VUAppMain\Header Files</Filter>
    </ClInclude>
  </ItemGroup>
</Project>